
Microsoft Visual Studio Solution File, Format Version 12.00
# Visual Studio Version 16
VisualStudioVersion = 16.0.29613.14
MinimumVisualStudioVersion = 10.0.40219.1
Project("{9A19103F-16F7-4668-BE54-9A1E7A4F7556}") = "Store.Entity", "Store.Entity\Store.Entity.csproj", "{E7E51035-EC65-4A0D-B00C-FA889E564C5B}"
EndProject
Project("{9A19103F-16F7-4668-BE54-9A1E7A4F7556}") = "Store.DAL", "Store.DAL\Store.DAL.csproj", "{170E32C9-0171-46DE-B7E1-0A7504CDEC4D}"
EndProject
Project("{9A19103F-16F7-4668-BE54-9A1E7A4F7556}") = "Store.Common", "Store.Common\Store.Common.csproj", "{DEBE4194-2E6F-4EC3-B130-70D4E0B3D44B}"
EndProject
Project("{9A19103F-16F7-4668-BE54-9A1E7A4F7556}") = "Store.Model", "Store.Model\Store.Model.csproj", "{CC3AE40D-8B8D-4B7F-8463-3A80EA4DC3E3}"
EndProject
Project("{9A19103F-16F7-4668-BE54-9A1E7A4F7556}") = "Store.Model.Common", "Store.Model.Common\Store.Model.Common.csproj", "{359120D3-B611-436D-A195-3C5B0C8A506E}"
EndProject
Project("{9A19103F-16F7-4668-BE54-9A1E7A4F7556}") = "Store.Repository", "Store.Repository\Store.Repository.csproj", "{E974978A-87E9-4FFD-BB54-9E0EFE77D405}"
EndProject
Project("{9A19103F-16F7-4668-BE54-9A1E7A4F7556}") = "Store.Repository.Common", "Store.Repository.Common\Store.Repository.Common.csproj", "{8EF933D4-64CC-4D94-B9BB-BE948A72D597}"
EndProject
Project("{9A19103F-16F7-4668-BE54-9A1E7A4F7556}") = "Store.Service", "Store.Service\Store.Service.csproj", "{9088BBFC-C002-4FB2-A7AF-34A7884D8371}"
EndProject
Project("{9A19103F-16F7-4668-BE54-9A1E7A4F7556}") = "Store.Service.Common", "Store.Service.Common\Store.Service.Common.csproj", "{D2B481B1-B1DA-462E-8A7A-C13F1E29E6C3}"
EndProject
Project("{9A19103F-16F7-4668-BE54-9A1E7A4F7556}") = "Store.WebAPI", "Store.WebAPI\Store.WebAPI.csproj", "{5897D2CE-D412-4249-9241-44D40DEA6973}"
EndProject
Project("{9A19103F-16F7-4668-BE54-9A1E7A4F7556}") = "Store.Cache", "Store.Cache\Store.Cache.csproj", "{355C936C-9A92-487F-99BB-809ADA9B67CF}"
EndProject
Project("{9A19103F-16F7-4668-BE54-9A1E7A4F7556}") = "Store.Cache.Common", "Store.Cache.Common\Store.Cache.Common.csproj", "{13ABD502-22D6-4787-8934-B4807A89ABA3}"
EndProject
Project("{9A19103F-16F7-4668-BE54-9A1E7A4F7556}") = "Store.Reporting", "Store.Reporting\Store.Reporting.csproj", "{B1DE8FCC-7A41-4D9E-A334-B21A1343743A}"
EndProject
Project("{9A19103F-16F7-4668-BE54-9A1E7A4F7556}") = "Store.Repository.Tests", "Store.Repository.Tests\Store.Repository.Tests.csproj", "{788C28D3-320D-476B-BCE0-87533D7A1A16}"
EndProject
Project("{9A19103F-16F7-4668-BE54-9A1E7A4F7556}") = "Store.Service.Tests", "Store.Service.Tests\Store.Service.Tests.csproj", "{2D5ADF1B-7798-4D52-8074-D71A43F264AF}"
EndProject
Project("{9A19103F-16F7-4668-BE54-9A1E7A4F7556}") = "Store.WebAPI.Tests", "Store.WebAPI.Tests\Store.WebAPI.Tests.csproj", "{E005D5DB-3C02-43C0-B595-908FB8648448}"
EndProject
Project("{9A19103F-16F7-4668-BE54-9A1E7A4F7556}") = "Store.Messaging", "Store.Messaging\Store.Messaging.csproj", "{70AD5AAD-E254-4DBE-A1EB-2BDA55B5F9B9}"
EndProject
Project("{9A19103F-16F7-4668-BE54-9A1E7A4F7556}") = "Store.Messaging.Common", "Store.Messaging.Common\Store.Messaging.Common.csproj", "{09120B3D-CB17-4328-80D2-1995206E54D0}"
EndProject
Project("{9A19103F-16F7-4668-BE54-9A1E7A4F7556}") = "Store.FileProvider", "Store.FileProvider\Store.FileProvider.csproj", "{A9AC094F-7CA7-4BCE-A284-D9FDA736F4B7}"
EndProject
Project("{9A19103F-16F7-4668-BE54-9A1E7A4F7556}") = "Store.FileProvider.Common", "Store.FileProvider.Common\Store.FileProvider.Common.csproj", "{D0DA948B-9008-4F6F-BDF6-A2545B07453C}"
EndProject
Project("{9A19103F-16F7-4668-BE54-9A1E7A4F7556}") = "Store.Messaging.Templates", "Store.Messaging.Templates\Store.Messaging.Templates.csproj", "{C3419A80-833E-4178-B36D-DC7B8C408C6D}"
EndProject
Project("{9A19103F-16F7-4668-BE54-9A1E7A4F7556}") = "Store.Generator", "Store.Generator\Store.Generator.csproj", "{16D4DB78-6DDE-44D5-9EA0-F5C85AFB2979}"
EndProject
Global
	GlobalSection(SolutionConfigurationPlatforms) = preSolution
		Debug|Any CPU = Debug|Any CPU
		Release|Any CPU = Release|Any CPU
	EndGlobalSection
	GlobalSection(ProjectConfigurationPlatforms) = postSolution
		{E7E51035-EC65-4A0D-B00C-FA889E564C5B}.Debug|Any CPU.ActiveCfg = Debug|Any CPU
		{E7E51035-EC65-4A0D-B00C-FA889E564C5B}.Debug|Any CPU.Build.0 = Debug|Any CPU
		{E7E51035-EC65-4A0D-B00C-FA889E564C5B}.Release|Any CPU.ActiveCfg = Release|Any CPU
		{E7E51035-EC65-4A0D-B00C-FA889E564C5B}.Release|Any CPU.Build.0 = Release|Any CPU
		{170E32C9-0171-46DE-B7E1-0A7504CDEC4D}.Debug|Any CPU.ActiveCfg = Debug|Any CPU
		{170E32C9-0171-46DE-B7E1-0A7504CDEC4D}.Debug|Any CPU.Build.0 = Debug|Any CPU
		{170E32C9-0171-46DE-B7E1-0A7504CDEC4D}.Release|Any CPU.ActiveCfg = Release|Any CPU
		{170E32C9-0171-46DE-B7E1-0A7504CDEC4D}.Release|Any CPU.Build.0 = Release|Any CPU
		{DEBE4194-2E6F-4EC3-B130-70D4E0B3D44B}.Debug|Any CPU.ActiveCfg = Debug|Any CPU
		{DEBE4194-2E6F-4EC3-B130-70D4E0B3D44B}.Debug|Any CPU.Build.0 = Debug|Any CPU
		{DEBE4194-2E6F-4EC3-B130-70D4E0B3D44B}.Release|Any CPU.ActiveCfg = Release|Any CPU
		{DEBE4194-2E6F-4EC3-B130-70D4E0B3D44B}.Release|Any CPU.Build.0 = Release|Any CPU
		{CC3AE40D-8B8D-4B7F-8463-3A80EA4DC3E3}.Debug|Any CPU.ActiveCfg = Debug|Any CPU
		{CC3AE40D-8B8D-4B7F-8463-3A80EA4DC3E3}.Debug|Any CPU.Build.0 = Debug|Any CPU
		{CC3AE40D-8B8D-4B7F-8463-3A80EA4DC3E3}.Release|Any CPU.ActiveCfg = Release|Any CPU
		{CC3AE40D-8B8D-4B7F-8463-3A80EA4DC3E3}.Release|Any CPU.Build.0 = Release|Any CPU
		{359120D3-B611-436D-A195-3C5B0C8A506E}.Debug|Any CPU.ActiveCfg = Debug|Any CPU
		{359120D3-B611-436D-A195-3C5B0C8A506E}.Debug|Any CPU.Build.0 = Debug|Any CPU
		{359120D3-B611-436D-A195-3C5B0C8A506E}.Release|Any CPU.ActiveCfg = Release|Any CPU
		{359120D3-B611-436D-A195-3C5B0C8A506E}.Release|Any CPU.Build.0 = Release|Any CPU
		{E974978A-87E9-4FFD-BB54-9E0EFE77D405}.Debug|Any CPU.ActiveCfg = Debug|Any CPU
		{E974978A-87E9-4FFD-BB54-9E0EFE77D405}.Debug|Any CPU.Build.0 = Debug|Any CPU
		{E974978A-87E9-4FFD-BB54-9E0EFE77D405}.Release|Any CPU.ActiveCfg = Release|Any CPU
		{E974978A-87E9-4FFD-BB54-9E0EFE77D405}.Release|Any CPU.Build.0 = Release|Any CPU
		{8EF933D4-64CC-4D94-B9BB-BE948A72D597}.Debug|Any CPU.ActiveCfg = Debug|Any CPU
		{8EF933D4-64CC-4D94-B9BB-BE948A72D597}.Debug|Any CPU.Build.0 = Debug|Any CPU
		{8EF933D4-64CC-4D94-B9BB-BE948A72D597}.Release|Any CPU.ActiveCfg = Release|Any CPU
		{8EF933D4-64CC-4D94-B9BB-BE948A72D597}.Release|Any CPU.Build.0 = Release|Any CPU
		{9088BBFC-C002-4FB2-A7AF-34A7884D8371}.Debug|Any CPU.ActiveCfg = Debug|Any CPU
		{9088BBFC-C002-4FB2-A7AF-34A7884D8371}.Debug|Any CPU.Build.0 = Debug|Any CPU
		{9088BBFC-C002-4FB2-A7AF-34A7884D8371}.Release|Any CPU.ActiveCfg = Release|Any CPU
		{9088BBFC-C002-4FB2-A7AF-34A7884D8371}.Release|Any CPU.Build.0 = Release|Any CPU
		{D2B481B1-B1DA-462E-8A7A-C13F1E29E6C3}.Debug|Any CPU.ActiveCfg = Debug|Any CPU
		{D2B481B1-B1DA-462E-8A7A-C13F1E29E6C3}.Debug|Any CPU.Build.0 = Debug|Any CPU
		{D2B481B1-B1DA-462E-8A7A-C13F1E29E6C3}.Release|Any CPU.ActiveCfg = Release|Any CPU
		{D2B481B1-B1DA-462E-8A7A-C13F1E29E6C3}.Release|Any CPU.Build.0 = Release|Any CPU
		{5897D2CE-D412-4249-9241-44D40DEA6973}.Debug|Any CPU.ActiveCfg = Debug|Any CPU
		{5897D2CE-D412-4249-9241-44D40DEA6973}.Debug|Any CPU.Build.0 = Debug|Any CPU
		{5897D2CE-D412-4249-9241-44D40DEA6973}.Release|Any CPU.ActiveCfg = Release|Any CPU
		{5897D2CE-D412-4249-9241-44D40DEA6973}.Release|Any CPU.Build.0 = Release|Any CPU
		{355C936C-9A92-487F-99BB-809ADA9B67CF}.Debug|Any CPU.ActiveCfg = Debug|Any CPU
		{355C936C-9A92-487F-99BB-809ADA9B67CF}.Debug|Any CPU.Build.0 = Debug|Any CPU
		{355C936C-9A92-487F-99BB-809ADA9B67CF}.Release|Any CPU.ActiveCfg = Release|Any CPU
		{355C936C-9A92-487F-99BB-809ADA9B67CF}.Release|Any CPU.Build.0 = Release|Any CPU
		{13ABD502-22D6-4787-8934-B4807A89ABA3}.Debug|Any CPU.ActiveCfg = Debug|Any CPU
		{13ABD502-22D6-4787-8934-B4807A89ABA3}.Debug|Any CPU.Build.0 = Debug|Any CPU
		{13ABD502-22D6-4787-8934-B4807A89ABA3}.Release|Any CPU.ActiveCfg = Release|Any CPU
		{13ABD502-22D6-4787-8934-B4807A89ABA3}.Release|Any CPU.Build.0 = Release|Any CPU
		{B1DE8FCC-7A41-4D9E-A334-B21A1343743A}.Debug|Any CPU.ActiveCfg = Debug|Any CPU
		{B1DE8FCC-7A41-4D9E-A334-B21A1343743A}.Debug|Any CPU.Build.0 = Debug|Any CPU
		{B1DE8FCC-7A41-4D9E-A334-B21A1343743A}.Release|Any CPU.ActiveCfg = Release|Any CPU
		{B1DE8FCC-7A41-4D9E-A334-B21A1343743A}.Release|Any CPU.Build.0 = Release|Any CPU
		{788C28D3-320D-476B-BCE0-87533D7A1A16}.Debug|Any CPU.ActiveCfg = Debug|Any CPU
		{788C28D3-320D-476B-BCE0-87533D7A1A16}.Debug|Any CPU.Build.0 = Debug|Any CPU
		{788C28D3-320D-476B-BCE0-87533D7A1A16}.Release|Any CPU.ActiveCfg = Release|Any CPU
		{788C28D3-320D-476B-BCE0-87533D7A1A16}.Release|Any CPU.Build.0 = Release|Any CPU
		{2D5ADF1B-7798-4D52-8074-D71A43F264AF}.Debug|Any CPU.ActiveCfg = Debug|Any CPU
		{2D5ADF1B-7798-4D52-8074-D71A43F264AF}.Debug|Any CPU.Build.0 = Debug|Any CPU
		{2D5ADF1B-7798-4D52-8074-D71A43F264AF}.Release|Any CPU.ActiveCfg = Release|Any CPU
		{2D5ADF1B-7798-4D52-8074-D71A43F264AF}.Release|Any CPU.Build.0 = Release|Any CPU
		{E005D5DB-3C02-43C0-B595-908FB8648448}.Debug|Any CPU.ActiveCfg = Debug|Any CPU
		{E005D5DB-3C02-43C0-B595-908FB8648448}.Debug|Any CPU.Build.0 = Debug|Any CPU
		{E005D5DB-3C02-43C0-B595-908FB8648448}.Release|Any CPU.ActiveCfg = Release|Any CPU
		{E005D5DB-3C02-43C0-B595-908FB8648448}.Release|Any CPU.Build.0 = Release|Any CPU
		{70AD5AAD-E254-4DBE-A1EB-2BDA55B5F9B9}.Debug|Any CPU.ActiveCfg = Debug|Any CPU
		{70AD5AAD-E254-4DBE-A1EB-2BDA55B5F9B9}.Debug|Any CPU.Build.0 = Debug|Any CPU
		{70AD5AAD-E254-4DBE-A1EB-2BDA55B5F9B9}.Release|Any CPU.ActiveCfg = Release|Any CPU
		{70AD5AAD-E254-4DBE-A1EB-2BDA55B5F9B9}.Release|Any CPU.Build.0 = Release|Any CPU
		{09120B3D-CB17-4328-80D2-1995206E54D0}.Debug|Any CPU.ActiveCfg = Debug|Any CPU
		{09120B3D-CB17-4328-80D2-1995206E54D0}.Debug|Any CPU.Build.0 = Debug|Any CPU
		{09120B3D-CB17-4328-80D2-1995206E54D0}.Release|Any CPU.ActiveCfg = Release|Any CPU
		{09120B3D-CB17-4328-80D2-1995206E54D0}.Release|Any CPU.Build.0 = Release|Any CPU
		{A9AC094F-7CA7-4BCE-A284-D9FDA736F4B7}.Debug|Any CPU.ActiveCfg = Debug|Any CPU
		{A9AC094F-7CA7-4BCE-A284-D9FDA736F4B7}.Debug|Any CPU.Build.0 = Debug|Any CPU
		{A9AC094F-7CA7-4BCE-A284-D9FDA736F4B7}.Release|Any CPU.ActiveCfg = Release|Any CPU
		{A9AC094F-7CA7-4BCE-A284-D9FDA736F4B7}.Release|Any CPU.Build.0 = Release|Any CPU
		{D0DA948B-9008-4F6F-BDF6-A2545B07453C}.Debug|Any CPU.ActiveCfg = Debug|Any CPU
		{D0DA948B-9008-4F6F-BDF6-A2545B07453C}.Debug|Any CPU.Build.0 = Debug|Any CPU
		{D0DA948B-9008-4F6F-BDF6-A2545B07453C}.Release|Any CPU.ActiveCfg = Release|Any CPU
		{D0DA948B-9008-4F6F-BDF6-A2545B07453C}.Release|Any CPU.Build.0 = Release|Any CPU
		{C3419A80-833E-4178-B36D-DC7B8C408C6D}.Debug|Any CPU.ActiveCfg = Debug|Any CPU
		{C3419A80-833E-4178-B36D-DC7B8C408C6D}.Debug|Any CPU.Build.0 = Debug|Any CPU
		{C3419A80-833E-4178-B36D-DC7B8C408C6D}.Release|Any CPU.ActiveCfg = Release|Any CPU
		{C3419A80-833E-4178-B36D-DC7B8C408C6D}.Release|Any CPU.Build.0 = Release|Any CPU
		{16D4DB78-6DDE-44D5-9EA0-F5C85AFB2979}.Debug|Any CPU.ActiveCfg = Debug|Any CPU
		{16D4DB78-6DDE-44D5-9EA0-F5C85AFB2979}.Debug|Any CPU.Build.0 = Debug|Any CPU
		{16D4DB78-6DDE-44D5-9EA0-F5C85AFB2979}.Release|Any CPU.ActiveCfg = Release|Any CPU
		{16D4DB78-6DDE-44D5-9EA0-F5C85AFB2979}.Release|Any CPU.Build.0 = Release|Any CPU
	EndGlobalSection
	GlobalSection(SolutionProperties) = preSolution
		HideSolutionNode = FALSE
	EndGlobalSection
	GlobalSection(ExtensibilityGlobals) = postSolution
		SolutionGuid = {F530B47B-3B24-4FD3-8FAA-7A1899D0DF9F}
	EndGlobalSection
EndGlobal
